Microsoft Visual Studio Solution File, Format Version 12.00
# Visual Studio Version 17
VisualStudioVersion = 17.5.2.0
MinimumVisualStudioVersion = 10.0.40219.1
Project("{FAE04EC0-301F-11D3-BF4B-00C04F79EFBC}") = "Lots.WebApi", "Lots.WebApi.csproj", "{43EDF831-36E5-CF8C-C68A-1707872B6F07}"
EndProject
Global
	GlobalSection(SolutionConfigurationPlatforms) = preSolution
		Debug|Any CPU = Debug|Any CPU
		Release|Any CPU = Release|Any CPU
	EndGlobalSection
	GlobalSection(ProjectConfigurationPlatforms) = postSolution
		{43EDF831-36E5-CF8C-C68A-1707872B6F07}.Debug|Any CPU.ActiveCfg = Debug|Any CPU
		{43EDF831-36E5-CF8C-C68A-1707872B6F07}.Debug|Any CPU.Build.0 = Debug|Any CPU
		{43EDF831-36E5-CF8C-C68A-1707872B6F07}.Release|Any CPU.ActiveCfg = Release|Any CPU
		{43EDF831-36E5-CF8C-C68A-1707872B6F07}.Release|Any CPU.Build.0 = Release|Any CPU
	EndGlobalSection
	GlobalSection(SolutionProperties) = preSolution
		HideSolutionNode = FALSE
	EndGlobalSection
	GlobalSection(ExtensibilityGlobals) = postSolution
		SolutionGuid = {E5DDFCEF-4E96-4F38-8991-AEF28D8FFB58}
	EndGlobalSection
EndGlobal
